
Microsoft Visual Studio Solution File, Format Version 12.00
# Visual Studio 15
VisualStudioVersion = 15.0.28307.271
MinimumVisualStudioVersion = 10.0.40219.1
Project("{FAE04EC0-301F-11D3-BF4B-00C04F79EFBC}") = "KDP_GUI", "KDP_GUI\KDP_GUI.csproj", "{27D1B977-0EB2-4188-B9F4-90D08744004C}"
EndProject
Global
	GlobalSection(SolutionConfigurationPlatforms) = preSolution
		Debug|Any CPU = Debug|Any CPU
		Release|Any CPU = Release|Any CPU
	EndGlobalSection
	GlobalSection(ProjectConfigurationPlatforms) = postSolution
		{27D1B977-0EB2-4188-B9F4-90D08744004C}.Debug|Any CPU.ActiveCfg = Debug|Any CPU
		{27D1B977-0EB2-4188-B9F4-90D08744004C}.Debug|Any CPU.Build.0 = Debug|Any CPU
		{27D1B977-0EB2-4188-B9F4-90D08744004C}.Release|Any CPU.ActiveCfg = Release|Any CPU
		{27D1B977-0EB2-4188-B9F4-90D08744004C}.Release|Any CPU.Build.0 = Release|Any CPU
	EndGlobalSection
	GlobalSection(SolutionProperties) = preSolution
		HideSolutionNode = FALSE
	EndGlobalSection
	GlobalSection(ExtensibilityGlobals) = postSolution
		SolutionGuid = {8DB2CEC1-BEE7-4708-8187-6EB853E68E3A}
	EndGlobalSection
EndGlobal
